# This file is automatically @generated by Cargo.
# It is not intended for manual editing.
version = 3

[[package]]
name = "psp2-sys"
version = "0.2.2"
source = "git+https://github.com/vita-rust/psp2-sys#876fa4398f8e92e04594316efca3a99ff3848059"

[[package]]
name = "rpgbe"
version = "0.1.0"
dependencies = [
 "psp2-sys",
]
