# This file is automatically @generated by Cargo.
# It is not intended for manual editing.
version = 3

[[package]]
name = "psp2-sys"
version = "0.2.2"
source = "git+https://github.com/rust-on-vita/psp2-sys#007adef58b8231d1fc688c9f39c7fda66a795504"

[[package]]
name = "rpgbe"
version = "0.1.0"
dependencies = [
 "psp2-sys",
 "vitallocator",
]

[[package]]
name = "vitallocator"
version = "0.1.1"
source = "git+https://github.com/rust-on-vita/vitallocator#4b89c4e520c0f37d20cd46473327fb82e23972e6"
dependencies = [
 "psp2-sys",
]
